
Microsoft Visual Studio Solution File, Format Version 12.00
# Visual Studio Version 16
VisualStudioVersion = 16.0.31205.134
MinimumVisualStudioVersion = 10.0.40219.1
Project("{FAE04EC0-301F-11D3-BF4B-00C04F79EFBC}") = "CRUD de JOGOS - POO", "CRUD de JOGOS - POO\CRUD de JOGOS - POO.csproj", "{E09B5095-E994-4EFA-8551-EAEBE00F718F}"
EndProject
Global
	GlobalSection(SolutionConfigurationPlatforms) = preSolution
		Debug|Any CPU = Debug|Any CPU
		Release|Any CPU = Release|Any CPU
	EndGlobalSection
	GlobalSection(ProjectConfigurationPlatforms) = postSolution
		{E09B5095-E994-4EFA-8551-EAEBE00F718F}.Debug|Any CPU.ActiveCfg = Debug|Any CPU
		{E09B5095-E994-4EFA-8551-EAEBE00F718F}.Debug|Any CPU.Build.0 = Debug|Any CPU
		{E09B5095-E994-4EFA-8551-EAEBE00F718F}.Release|Any CPU.ActiveCfg = Release|Any CPU
		{E09B5095-E994-4EFA-8551-EAEBE00F718F}.Release|Any CPU.Build.0 = Release|Any CPU
	EndGlobalSection
	GlobalSection(SolutionProperties) = preSolution
		HideSolutionNode = FALSE
	EndGlobalSection
	GlobalSection(ExtensibilityGlobals) = postSolution
		SolutionGuid = {B7A5DBAA-BB14-4086-B990-446069D07ED2}
	EndGlobalSection
EndGlobal
